
Microsoft Visual Studio Solution File, Format Version 12.00
# Visual Studio Version 16
VisualStudioVersion = 16.0.34031.81
MinimumVisualStudioVersion = 10.0.40219.1
Project("{FAE04EC0-301F-11D3-BF4B-00C04F79EFBC}") = "migue alvaro y irving proyecto", "migue alvaro y irving proyecto\migue alvaro y irving proyecto.csproj", "{989ED19A-7BCD-4DE9-B43A-08DBCF97DBDA}"
EndProject
Global
	GlobalSection(SolutionConfigurationPlatforms) = preSolution
		Debug|Any CPU = Debug|Any CPU
		Release|Any CPU = Release|Any CPU
	EndGlobalSection
	GlobalSection(ProjectConfigurationPlatforms) = postSolution
		{989ED19A-7BCD-4DE9-B43A-08DBCF97DBDA}.Debug|Any CPU.ActiveCfg = Debug|Any CPU
		{989ED19A-7BCD-4DE9-B43A-08DBCF97DBDA}.Debug|Any CPU.Build.0 = Debug|Any CPU
		{989ED19A-7BCD-4DE9-B43A-08DBCF97DBDA}.Release|Any CPU.ActiveCfg = Release|Any CPU
		{989ED19A-7BCD-4DE9-B43A-08DBCF97DBDA}.Release|Any CPU.Build.0 = Release|Any CPU
	EndGlobalSection
	GlobalSection(SolutionProperties) = preSolution
		HideSolutionNode = FALSE
	EndGlobalSection
	GlobalSection(ExtensibilityGlobals) = postSolution
		SolutionGuid = {F999A845-57EF-4CD5-9633-13959AC38FE1}
	EndGlobalSection
EndGlobal
